
Microsoft Visual Studio Solution File, Format Version 12.00
# Visual Studio Version 17
VisualStudioVersion = 17.0.32014.148
MinimumVisualStudioVersion = 10.0.40219.1
Project("{8BC9CEB8-8B4A-11D0-8D11-00A0C91BC942}") = "smv_engine", "smv_engine.vcxitems", "{BCF2E37C-7454-4CCE-8FD0-E2F13A90009B}"
EndProject
Project("{8BC9CEB8-8B4A-11D0-8D11-00A0C91BC942}") = "externe", "externe.vcxitems", "{59EB7049-3CD2-4C5C-9166-95FBE55908FD}"
EndProject
Project("{8BC9CEB8-8B4A-11D0-8D11-00A0C91BC942}") = "difstrm_vs", "difstrm_vs.vcxproj", "{83C862DC-2019-4B36-A219-486E9319C76A}"
EndProject
Project("{8BC9CEB8-8B4A-11D0-8D11-00A0C91BC942}") = "svfdll_vs", "svfdll_vs.vcxproj", "{7014DDCD-2019-4A45-ABD0-38F41BDFE2BB}"
EndProject
Project("{8BC9CEB8-8B4A-11D0-8D11-00A0C91BC942}") = "wdifstrm_vs", "wdifstrm_vs.vcxproj", "{9A26BDB3-2019-46F5-966D-2F11925283E8}"
EndProject
Project("{8BC9CEB8-8B4A-11D0-8D11-00A0C91BC942}") = "svfdll_demo_vs", "svfdll_demo_vs.vcxproj", "{57AA84E2-2019-2019-2019-B28989C25D08}"
EndProject
Global
	GlobalSection(SharedMSBuildProjectFiles) = preSolution
		externe.vcxitems*{59eb7049-3cd2-4c5c-9166-95fbe55908fd}*SharedItemsImports = 9
		externe.vcxitems*{7014ddcd-2019-4a45-abd0-38f41bdfe2bb}*SharedItemsImports = 4
		smv_engine.vcxitems*{7014ddcd-2019-4a45-abd0-38f41bdfe2bb}*SharedItemsImports = 4
		externe.vcxitems*{83c862dc-2019-4b36-a219-486e9319c76a}*SharedItemsImports = 4
		smv_engine.vcxitems*{83c862dc-2019-4b36-a219-486e9319c76a}*SharedItemsImports = 4
		externe.vcxitems*{9a26bdb3-2019-46f5-966d-2f11925283e8}*SharedItemsImports = 4
		smv_engine.vcxitems*{9a26bdb3-2019-46f5-966d-2f11925283e8}*SharedItemsImports = 4
		smv_engine.vcxitems*{bcf2e37c-7454-4cce-8fd0-e2f13a90009b}*SharedItemsImports = 9
	EndGlobalSection
	GlobalSection(SolutionConfigurationPlatforms) = preSolution
		Debug|ARM = Debug|ARM
		Debug|ARM64 = Debug|ARM64
		Debug|x64 = Debug|x64
		Debug|x86 = Debug|x86
		Release|ARM = Release|ARM
		Release|ARM64 = Release|ARM64
		Release|x64 = Release|x64
		Release|x86 = Release|x86
		ReleaseClang|ARM = ReleaseClang|ARM
		ReleaseClang|ARM64 = ReleaseClang|ARM64
		ReleaseClang|x64 = ReleaseClang|x64
		ReleaseClang|x86 = ReleaseClang|x86
		ReleaseDebugInfo|ARM = ReleaseDebugInfo|ARM
		ReleaseDebugInfo|ARM64 = ReleaseDebugInfo|ARM64
		ReleaseDebugInfo|x64 = ReleaseDebugInfo|x64
		ReleaseDebugInfo|x86 = ReleaseDebugInfo|x86
		ReleaseMsvcrt|ARM = ReleaseMsvcrt|ARM
		ReleaseMsvcrt|ARM64 = ReleaseMsvcrt|ARM64
		ReleaseMsvcrt|x64 = ReleaseMsvcrt|x64
		ReleaseMsvcrt|x86 = ReleaseMsvcrt|x86
		Template|ARM = Template|ARM
		Template|ARM64 = Template|ARM64
		Template|x64 = Template|x64
		Template|x86 = Template|x86
	EndGlobalSection
	GlobalSection(ProjectConfigurationPlatforms) = postSolution
		{83C862DC-2019-4B36-A219-486E9319C76A}.Debug|ARM.ActiveCfg = Debug|ARM
		{83C862DC-2019-4B36-A219-486E9319C76A}.Debug|ARM.Build.0 = Debug|ARM
		{83C862DC-2019-4B36-A219-486E9319C76A}.Debug|ARM64.ActiveCfg = Debug|ARM64
		{83C862DC-2019-4B36-A219-486E9319C76A}.Debug|ARM64.Build.0 = Debug|ARM64
		{83C862DC-2019-4B36-A219-486E9319C76A}.Debug|x64.ActiveCfg = Debug|x64
		{83C862DC-2019-4B36-A219-486E9319C76A}.Debug|x64.Build.0 = Debug|x64
		{83C862DC-2019-4B36-A219-486E9319C76A}.Debug|x86.ActiveCfg = Debug|Win32
		{83C862DC-2019-4B36-A219-486E9319C76A}.Debug|x86.Build.0 = Debug|Win32
		{83C862DC-2019-4B36-A219-486E9319C76A}.Release|ARM.ActiveCfg = Release|ARM
		{83C862DC-2019-4B36-A219-486E9319C76A}.Release|ARM.Build.0 = Release|ARM
		{83C862DC-2019-4B36-A219-486E9319C76A}.Release|ARM64.ActiveCfg = Release|ARM64
		{83C862DC-2019-4B36-A219-486E9319C76A}.Release|ARM64.Build.0 = Release|ARM64
		{83C862DC-2019-4B36-A219-486E9319C76A}.Release|x64.ActiveCfg = Release|x64
		{83C862DC-2019-4B36-A219-486E9319C76A}.Release|x64.Build.0 = Release|x64
		{83C862DC-2019-4B36-A219-486E9319C76A}.Release|x86.ActiveCfg = Release|Win32
		{83C862DC-2019-4B36-A219-486E9319C76A}.Release|x86.Build.0 = Release|Win32
		{83C862DC-2019-4B36-A219-486E9319C76A}.ReleaseClang|ARM.ActiveCfg = ReleaseClang|ARM
		{83C862DC-2019-4B36-A219-486E9319C76A}.ReleaseClang|ARM.Build.0 = ReleaseClang|ARM
		{83C862DC-2019-4B36-A219-486E9319C76A}.ReleaseClang|ARM64.ActiveCfg = ReleaseClang|ARM64
		{83C862DC-2019-4B36-A219-486E9319C76A}.ReleaseClang|ARM64.Build.0 = ReleaseClang|ARM64
		{83C862DC-2019-4B36-A219-486E9319C76A}.ReleaseClang|x64.ActiveCfg = ReleaseClang|x64
		{83C862DC-2019-4B36-A219-486E9319C76A}.ReleaseClang|x64.Build.0 = ReleaseClang|x64
		{83C862DC-2019-4B36-A219-486E9319C76A}.ReleaseClang|x86.ActiveCfg = ReleaseClang|Win32
		{83C862DC-2019-4B36-A219-486E9319C76A}.ReleaseClang|x86.Build.0 = ReleaseClang|Win32
		{83C862DC-2019-4B36-A219-486E9319C76A}.ReleaseDebugInfo|ARM.ActiveCfg = ReleaseDebugInfo|ARM
		{83C862DC-2019-4B36-A219-486E9319C76A}.ReleaseDebugInfo|ARM.Build.0 = ReleaseDebugInfo|ARM
		{83C862DC-2019-4B36-A219-486E9319C76A}.ReleaseDebugInfo|ARM64.ActiveCfg = ReleaseDebugInfo|ARM64
		{83C862DC-2019-4B36-A219-486E9319C76A}.ReleaseDebugInfo|ARM64.Build.0 = ReleaseDebugInfo|ARM64
		{83C862DC-2019-4B36-A219-486E9319C76A}.ReleaseDebugInfo|x64.ActiveCfg = ReleaseDebugInfo|x64
		{83C862DC-2019-4B36-A219-486E9319C76A}.ReleaseDebugInfo|x64.Build.0 = ReleaseDebugInfo|x64
		{83C862DC-2019-4B36-A219-486E9319C76A}.ReleaseDebugInfo|x86.ActiveCfg = ReleaseDebugInfo|Win32
		{83C862DC-2019-4B36-A219-486E9319C76A}.ReleaseDebugInfo|x86.Build.0 = ReleaseDebugInfo|Win32
		{83C862DC-2019-4B36-A219-486E9319C76A}.ReleaseMsvcrt|ARM.ActiveCfg = ReleaseDebugInfo|ARM
		{83C862DC-2019-4B36-A219-486E9319C76A}.ReleaseMsvcrt|ARM.Build.0 = ReleaseDebugInfo|ARM
		{83C862DC-2019-4B36-A219-486E9319C76A}.ReleaseMsvcrt|ARM64.ActiveCfg = ReleaseDebugInfo|ARM64
		{83C862DC-2019-4B36-A219-486E9319C76A}.ReleaseMsvcrt|ARM64.Build.0 = ReleaseDebugInfo|ARM64
		{83C862DC-2019-4B36-A219-486E9319C76A}.ReleaseMsvcrt|x64.ActiveCfg = ReleaseDebugInfo|x64
		{83C862DC-2019-4B36-A219-486E9319C76A}.ReleaseMsvcrt|x64.Build.0 = ReleaseDebugInfo|x64
		{83C862DC-2019-4B36-A219-486E9319C76A}.ReleaseMsvcrt|x86.ActiveCfg = ReleaseDebugInfo|Win32
		{83C862DC-2019-4B36-A219-486E9319C76A}.ReleaseMsvcrt|x86.Build.0 = ReleaseDebugInfo|Win32
		{83C862DC-2019-4B36-A219-486E9319C76A}.Template|ARM.ActiveCfg = Template|ARM
		{83C862DC-2019-4B36-A219-486E9319C76A}.Template|ARM.Build.0 = Template|ARM
		{83C862DC-2019-4B36-A219-486E9319C76A}.Template|ARM64.ActiveCfg = Template|ARM64
		{83C862DC-2019-4B36-A219-486E9319C76A}.Template|ARM64.Build.0 = Template|ARM64
		{83C862DC-2019-4B36-A219-486E9319C76A}.Template|x64.ActiveCfg = Template|x64
		{83C862DC-2019-4B36-A219-486E9319C76A}.Template|x64.Build.0 = Template|x64
		{83C862DC-2019-4B36-A219-486E9319C76A}.Template|x86.ActiveCfg = Template|Win32
		{83C862DC-2019-4B36-A219-486E9319C76A}.Template|x86.Build.0 = Template|Win32
		{7014DDCD-2019-4A45-ABD0-38F41BDFE2BB}.Debug|ARM.ActiveCfg = Debug|ARM
		{7014DDCD-2019-4A45-ABD0-38F41BDFE2BB}.Debug|ARM.Build.0 = Debug|ARM
		{7014DDCD-2019-4A45-ABD0-38F41BDFE2BB}.Debug|ARM64.ActiveCfg = Debug|ARM64
		{7014DDCD-2019-4A45-ABD0-38F41BDFE2BB}.Debug|ARM64.Build.0 = Debug|ARM64
		{7014DDCD-2019-4A45-ABD0-38F41BDFE2BB}.Debug|x64.ActiveCfg = Debug|x64
		{7014DDCD-2019-4A45-ABD0-38F41BDFE2BB}.Debug|x64.Build.0 = Debug|x64
		{7014DDCD-2019-4A45-ABD0-38F41BDFE2BB}.Debug|x86.ActiveCfg = Debug|Win32
		{7014DDCD-2019-4A45-ABD0-38F41BDFE2BB}.Debug|x86.Build.0 = Debug|Win32
		{7014DDCD-2019-4A45-ABD0-38F41BDFE2BB}.Release|ARM.ActiveCfg = Release|ARM
		{7014DDCD-2019-4A45-ABD0-38F41BDFE2BB}.Release|ARM.Build.0 = Release|ARM
		{7014DDCD-2019-4A45-ABD0-38F41BDFE2BB}.Release|ARM64.ActiveCfg = Release|ARM64
		{7014DDCD-2019-4A45-ABD0-38F41BDFE2BB}.Release|ARM64.Build.0 = Release|ARM64
		{7014DDCD-2019-4A45-ABD0-38F41BDFE2BB}.Release|x64.ActiveCfg = Release|x64
		{7014DDCD-2019-4A45-ABD0-38F41BDFE2BB}.Release|x64.Build.0 = Release|x64
		{7014DDCD-2019-4A45-ABD0-38F41BDFE2BB}.Release|x86.ActiveCfg = Release|Win32
		{7014DDCD-2019-4A45-ABD0-38F41BDFE2BB}.Release|x86.Build.0 = Release|Win32
		{7014DDCD-2019-4A45-ABD0-38F41BDFE2BB}.ReleaseClang|ARM.ActiveCfg = Release|ARM
		{7014DDCD-2019-4A45-ABD0-38F41BDFE2BB}.ReleaseClang|ARM.Build.0 = Release|ARM
		{7014DDCD-2019-4A45-ABD0-38F41BDFE2BB}.ReleaseClang|ARM64.ActiveCfg = Release|ARM64
		{7014DDCD-2019-4A45-ABD0-38F41BDFE2BB}.ReleaseClang|ARM64.Build.0 = Release|ARM64
		{7014DDCD-2019-4A45-ABD0-38F41BDFE2BB}.ReleaseClang|x64.ActiveCfg = Release|x64
		{7014DDCD-2019-4A45-ABD0-38F41BDFE2BB}.ReleaseClang|x64.Build.0 = Release|x64
		{7014DDCD-2019-4A45-ABD0-38F41BDFE2BB}.ReleaseClang|x86.ActiveCfg = Release|Win32
		{7014DDCD-2019-4A45-ABD0-38F41BDFE2BB}.ReleaseClang|x86.Build.0 = Release|Win32
		{7014DDCD-2019-4A45-ABD0-38F41BDFE2BB}.ReleaseDebugInfo|ARM.ActiveCfg = Release|ARM
		{7014DDCD-2019-4A45-ABD0-38F41BDFE2BB}.ReleaseDebugInfo|ARM.Build.0 = Release|ARM
		{7014DDCD-2019-4A45-ABD0-38F41BDFE2BB}.ReleaseDebugInfo|ARM64.ActiveCfg = Release|ARM64
		{7014DDCD-2019-4A45-ABD0-38F41BDFE2BB}.ReleaseDebugInfo|ARM64.Build.0 = Release|ARM64
		{7014DDCD-2019-4A45-ABD0-38F41BDFE2BB}.ReleaseDebugInfo|x64.ActiveCfg = Release|x64
		{7014DDCD-2019-4A45-ABD0-38F41BDFE2BB}.ReleaseDebugInfo|x64.Build.0 = Release|x64
		{7014DDCD-2019-4A45-ABD0-38F41BDFE2BB}.ReleaseDebugInfo|x86.ActiveCfg = Release|Win32
		{7014DDCD-2019-4A45-ABD0-38F41BDFE2BB}.ReleaseDebugInfo|x86.Build.0 = Release|Win32
		{7014DDCD-2019-4A45-ABD0-38F41BDFE2BB}.ReleaseMsvcrt|ARM.ActiveCfg = ReleaseMsvcrt|ARM
		{7014DDCD-2019-4A45-ABD0-38F41BDFE2BB}.ReleaseMsvcrt|ARM.Build.0 = ReleaseMsvcrt|ARM
		{7014DDCD-2019-4A45-ABD0-38F41BDFE2BB}.ReleaseMsvcrt|ARM64.ActiveCfg = ReleaseMsvcrt|ARM64
		{7014DDCD-2019-4A45-ABD0-38F41BDFE2BB}.ReleaseMsvcrt|ARM64.Build.0 = ReleaseMsvcrt|ARM64
		{7014DDCD-2019-4A45-ABD0-38F41BDFE2BB}.ReleaseMsvcrt|x64.ActiveCfg = ReleaseMsvcrt|x64
		{7014DDCD-2019-4A45-ABD0-38F41BDFE2BB}.ReleaseMsvcrt|x64.Build.0 = ReleaseMsvcrt|x64
		{7014DDCD-2019-4A45-ABD0-38F41BDFE2BB}.ReleaseMsvcrt|x86.ActiveCfg = ReleaseMsvcrt|Win32
		{7014DDCD-2019-4A45-ABD0-38F41BDFE2BB}.ReleaseMsvcrt|x86.Build.0 = ReleaseMsvcrt|Win32
		{7014DDCD-2019-4A45-ABD0-38F41BDFE2BB}.Template|ARM.ActiveCfg = Debug|ARM
		{7014DDCD-2019-4A45-ABD0-38F41BDFE2BB}.Template|ARM.Build.0 = Debug|ARM
		{7014DDCD-2019-4A45-ABD0-38F41BDFE2BB}.Template|ARM64.ActiveCfg = Debug|ARM64
		{7014DDCD-2019-4A45-ABD0-38F41BDFE2BB}.Template|ARM64.Build.0 = Debug|ARM64
		{7014DDCD-2019-4A45-ABD0-38F41BDFE2BB}.Template|x64.ActiveCfg = Debug|x64
		{7014DDCD-2019-4A45-ABD0-38F41BDFE2BB}.Template|x64.Build.0 = Debug|x64
		{7014DDCD-2019-4A45-ABD0-38F41BDFE2BB}.Template|x86.ActiveCfg = Debug|Win32
		{7014DDCD-2019-4A45-ABD0-38F41BDFE2BB}.Template|x86.Build.0 = Debug|Win32
		{9A26BDB3-2019-46F5-966D-2F11925283E8}.Debug|ARM.ActiveCfg = Debug|ARM
		{9A26BDB3-2019-46F5-966D-2F11925283E8}.Debug|ARM.Build.0 = Debug|ARM
		{9A26BDB3-2019-46F5-966D-2F11925283E8}.Debug|ARM64.ActiveCfg = Debug|ARM64
		{9A26BDB3-2019-46F5-966D-2F11925283E8}.Debug|ARM64.Build.0 = Debug|ARM64
		{9A26BDB3-2019-46F5-966D-2F11925283E8}.Debug|x64.ActiveCfg = Debug|x64
		{9A26BDB3-2019-46F5-966D-2F11925283E8}.Debug|x64.Build.0 = Debug|x64
		{9A26BDB3-2019-46F5-966D-2F11925283E8}.Debug|x86.ActiveCfg = Debug|Win32
		{9A26BDB3-2019-46F5-966D-2F11925283E8}.Debug|x86.Build.0 = Debug|Win32
		{9A26BDB3-2019-46F5-966D-2F11925283E8}.Release|ARM.ActiveCfg = Release|ARM
		{9A26BDB3-2019-46F5-966D-2F11925283E8}.Release|ARM.Build.0 = Release|ARM
		{9A26BDB3-2019-46F5-966D-2F11925283E8}.Release|ARM64.ActiveCfg = Release|ARM64
		{9A26BDB3-2019-46F5-966D-2F11925283E8}.Release|ARM64.Build.0 = Release|ARM64
		{9A26BDB3-2019-46F5-966D-2F11925283E8}.Release|x64.ActiveCfg = Release|x64
		{9A26BDB3-2019-46F5-966D-2F11925283E8}.Release|x64.Build.0 = Release|x64
		{9A26BDB3-2019-46F5-966D-2F11925283E8}.Release|x86.ActiveCfg = Release|Win32
		{9A26BDB3-2019-46F5-966D-2F11925283E8}.Release|x86.Build.0 = Release|Win32
		{9A26BDB3-2019-46F5-966D-2F11925283E8}.ReleaseClang|ARM.ActiveCfg = Release|ARM
		{9A26BDB3-2019-46F5-966D-2F11925283E8}.ReleaseClang|ARM.Build.0 = Release|ARM
		{9A26BDB3-2019-46F5-966D-2F11925283E8}.ReleaseClang|ARM64.ActiveCfg = Release|ARM64
		{9A26BDB3-2019-46F5-966D-2F11925283E8}.ReleaseClang|ARM64.Build.0 = Release|ARM64
		{9A26BDB3-2019-46F5-966D-2F11925283E8}.ReleaseClang|x64.ActiveCfg = Release|x64
		{9A26BDB3-2019-46F5-966D-2F11925283E8}.ReleaseClang|x64.Build.0 = Release|x64
		{9A26BDB3-2019-46F5-966D-2F11925283E8}.ReleaseClang|x86.ActiveCfg = Release|Win32
		{9A26BDB3-2019-46F5-966D-2F11925283E8}.ReleaseClang|x86.Build.0 = Release|Win32
		{9A26BDB3-2019-46F5-966D-2F11925283E8}.ReleaseDebugInfo|ARM.ActiveCfg = ReleaseDebugInfo|ARM
		{9A26BDB3-2019-46F5-966D-2F11925283E8}.ReleaseDebugInfo|ARM.Build.0 = ReleaseDebugInfo|ARM
		{9A26BDB3-2019-46F5-966D-2F11925283E8}.ReleaseDebugInfo|ARM64.ActiveCfg = ReleaseDebugInfo|ARM64
		{9A26BDB3-2019-46F5-966D-2F11925283E8}.ReleaseDebugInfo|ARM64.Build.0 = ReleaseDebugInfo|ARM64
		{9A26BDB3-2019-46F5-966D-2F11925283E8}.ReleaseDebugInfo|x64.ActiveCfg = ReleaseDebugInfo|x64
		{9A26BDB3-2019-46F5-966D-2F11925283E8}.ReleaseDebugInfo|x64.Build.0 = ReleaseDebugInfo|x64
		{9A26BDB3-2019-46F5-966D-2F11925283E8}.ReleaseDebugInfo|x86.ActiveCfg = ReleaseDebugInfo|Win32
		{9A26BDB3-2019-46F5-966D-2F11925283E8}.ReleaseDebugInfo|x86.Build.0 = ReleaseDebugInfo|Win32
		{9A26BDB3-2019-46F5-966D-2F11925283E8}.ReleaseMsvcrt|ARM.ActiveCfg = Release|ARM
		{9A26BDB3-2019-46F5-966D-2F11925283E8}.ReleaseMsvcrt|ARM.Build.0 = Release|ARM
		{9A26BDB3-2019-46F5-966D-2F11925283E8}.ReleaseMsvcrt|ARM64.ActiveCfg = Release|ARM64
		{9A26BDB3-2019-46F5-966D-2F11925283E8}.ReleaseMsvcrt|ARM64.Build.0 = Release|ARM64
		{9A26BDB3-2019-46F5-966D-2F11925283E8}.ReleaseMsvcrt|x64.ActiveCfg = Release|x64
		{9A26BDB3-2019-46F5-966D-2F11925283E8}.ReleaseMsvcrt|x64.Build.0 = Release|x64
		{9A26BDB3-2019-46F5-966D-2F11925283E8}.ReleaseMsvcrt|x86.ActiveCfg = Release|Win32
		{9A26BDB3-2019-46F5-966D-2F11925283E8}.ReleaseMsvcrt|x86.Build.0 = Release|Win32
		{9A26BDB3-2019-46F5-966D-2F11925283E8}.Template|ARM.ActiveCfg = Template|ARM
		{9A26BDB3-2019-46F5-966D-2F11925283E8}.Template|ARM.Build.0 = Template|ARM
		{9A26BDB3-2019-46F5-966D-2F11925283E8}.Template|ARM64.ActiveCfg = Template|ARM64
		{9A26BDB3-2019-46F5-966D-2F11925283E8}.Template|ARM64.Build.0 = Template|ARM64
		{9A26BDB3-2019-46F5-966D-2F11925283E8}.Template|x64.ActiveCfg = Template|x64
		{9A26BDB3-2019-46F5-966D-2F11925283E8}.Template|x64.Build.0 = Template|x64
		{9A26BDB3-2019-46F5-966D-2F11925283E8}.Template|x86.ActiveCfg = Template|Win32
		{9A26BDB3-2019-46F5-966D-2F11925283E8}.Template|x86.Build.0 = Template|Win32
		{57AA84E2-2019-2019-2019-B28989C25D08}.Debug|ARM.ActiveCfg = Debug|x64
		{57AA84E2-2019-2019-2019-B28989C25D08}.Debug|ARM.Build.0 = Debug|x64
		{57AA84E2-2019-2019-2019-B28989C25D08}.Debug|ARM64.ActiveCfg = Debug|x64
		{57AA84E2-2019-2019-2019-B28989C25D08}.Debug|ARM64.Build.0 = Debug|x64
		{57AA84E2-2019-2019-2019-B28989C25D08}.Debug|x64.ActiveCfg = Debug|x64
		{57AA84E2-2019-2019-2019-B28989C25D08}.Debug|x64.Build.0 = Debug|x64
		{57AA84E2-2019-2019-2019-B28989C25D08}.Debug|x86.ActiveCfg = Debug|Win32
		{57AA84E2-2019-2019-2019-B28989C25D08}.Debug|x86.Build.0 = Debug|Win32
		{57AA84E2-2019-2019-2019-B28989C25D08}.Release|ARM.ActiveCfg = Release|x64
		{57AA84E2-2019-2019-2019-B28989C25D08}.Release|ARM.Build.0 = Release|x64
		{57AA84E2-2019-2019-2019-B28989C25D08}.Release|ARM64.ActiveCfg = Release|x64
		{57AA84E2-2019-2019-2019-B28989C25D08}.Release|ARM64.Build.0 = Release|x64
		{57AA84E2-2019-2019-2019-B28989C25D08}.Release|x64.ActiveCfg = Release|x64
		{57AA84E2-2019-2019-2019-B28989C25D08}.Release|x64.Build.0 = Release|x64
		{57AA84E2-2019-2019-2019-B28989C25D08}.Release|x86.ActiveCfg = Release|Win32
		{57AA84E2-2019-2019-2019-B28989C25D08}.Release|x86.Build.0 = Release|Win32
		{57AA84E2-2019-2019-2019-B28989C25D08}.ReleaseClang|ARM.ActiveCfg = Debug|Win32
		{57AA84E2-2019-2019-2019-B28989C25D08}.ReleaseClang|ARM.Build.0 = Debug|Win32
		{57AA84E2-2019-2019-2019-B28989C25D08}.ReleaseClang|ARM64.ActiveCfg = Debug|Win32
		{57AA84E2-2019-2019-2019-B28989C25D08}.ReleaseClang|ARM64.Build.0 = Debug|Win32
		{57AA84E2-2019-2019-2019-B28989C25D08}.ReleaseClang|x64.ActiveCfg = Release|x64
		{57AA84E2-2019-2019-2019-B28989C25D08}.ReleaseClang|x64.Build.0 = Release|x64
		{57AA84E2-2019-2019-2019-B28989C25D08}.ReleaseClang|x86.ActiveCfg = Release|Win32
		{57AA84E2-2019-2019-2019-B28989C25D08}.ReleaseClang|x86.Build.0 = Release|Win32
		{57AA84E2-2019-2019-2019-B28989C25D08}.ReleaseDebugInfo|ARM.ActiveCfg = Debug|Win32
		{57AA84E2-2019-2019-2019-B28989C25D08}.ReleaseDebugInfo|ARM.Build.0 = Debug|Win32
		{57AA84E2-2019-2019-2019-B28989C25D08}.ReleaseDebugInfo|ARM64.ActiveCfg = Debug|Win32
		{57AA84E2-2019-2019-2019-B28989C25D08}.ReleaseDebugInfo|ARM64.Build.0 = Debug|Win32
		{57AA84E2-2019-2019-2019-B28989C25D08}.ReleaseDebugInfo|x64.ActiveCfg = Release|x64
		{57AA84E2-2019-2019-2019-B28989C25D08}.ReleaseDebugInfo|x64.Build.0 = Release|x64
		{57AA84E2-2019-2019-2019-B28989C25D08}.ReleaseDebugInfo|x86.ActiveCfg = Release|Win32
		{57AA84E2-2019-2019-2019-B28989C25D08}.ReleaseDebugInfo|x86.Build.0 = Release|Win32
		{57AA84E2-2019-2019-2019-B28989C25D08}.ReleaseMsvcrt|ARM.ActiveCfg = Debug|Win32
		{57AA84E2-2019-2019-2019-B28989C25D08}.ReleaseMsvcrt|ARM.Build.0 = Debug|Win32
		{57AA84E2-2019-2019-2019-B28989C25D08}.ReleaseMsvcrt|ARM64.ActiveCfg = Debug|Win32
		{57AA84E2-2019-2019-2019-B28989C25D08}.ReleaseMsvcrt|ARM64.Build.0 = Debug|Win32
		{57AA84E2-2019-2019-2019-B28989C25D08}.ReleaseMsvcrt|x64.ActiveCfg = Release|x64
		{57AA84E2-2019-2019-2019-B28989C25D08}.ReleaseMsvcrt|x64.Build.0 = Release|x64
		{57AA84E2-2019-2019-2019-B28989C25D08}.ReleaseMsvcrt|x86.ActiveCfg = Release|Win32
		{57AA84E2-2019-2019-2019-B28989C25D08}.ReleaseMsvcrt|x86.Build.0 = Release|Win32
		{57AA84E2-2019-2019-2019-B28989C25D08}.Template|ARM.ActiveCfg = Debug|Win32
		{57AA84E2-2019-2019-2019-B28989C25D08}.Template|ARM.Build.0 = Debug|Win32
		{57AA84E2-2019-2019-2019-B28989C25D08}.Template|ARM64.ActiveCfg = Debug|Win32
		{57AA84E2-2019-2019-2019-B28989C25D08}.Template|ARM64.Build.0 = Debug|Win32
		{57AA84E2-2019-2019-2019-B28989C25D08}.Template|x64.ActiveCfg = Debug|x64
		{57AA84E2-2019-2019-2019-B28989C25D08}.Template|x64.Build.0 = Debug|x64
		{57AA84E2-2019-2019-2019-B28989C25D08}.Template|x86.ActiveCfg = Debug|Win32
		{57AA84E2-2019-2019-2019-B28989C25D08}.Template|x86.Build.0 = Debug|Win32
	EndGlobalSection
	GlobalSection(SolutionProperties) = preSolution
		HideSolutionNode = FALSE
	EndGlobalSection
	GlobalSection(ExtensibilityGlobals) = postSolution
		SolutionGuid = {D2C60878-1233-4EA6-B151-9A7ADA0DA34C}
	EndGlobalSection
EndGlobal
